
Microsoft Visual Studio Solution File, Format Version 12.00
# Visual Studio Version 16
VisualStudioVersion = 16.0.33801.447
MinimumVisualStudioVersion = 10.0.40219.1
Project("{FAE04EC0-301F-11D3-BF4B-00C04F79EFBC}") = "TestFluent", "TestFluent\TestFluent.csproj", "{69A6289E-0D78-4B80-A5A3-85A5A568CBAF}"
EndProject
Global
	GlobalSection(SolutionConfigurationPlatforms) = preSolution
		Debug|Any CPU = Debug|Any CPU
		Release|Any CPU = Release|Any CPU
	EndGlobalSection
	GlobalSection(ProjectConfigurationPlatforms) = postSolution
		{69A6289E-0D78-4B80-A5A3-85A5A568CBAF}.Debug|Any CPU.ActiveCfg = Debug|Any CPU
		{69A6289E-0D78-4B80-A5A3-85A5A568CBAF}.Debug|Any CPU.Build.0 = Debug|Any CPU
		{69A6289E-0D78-4B80-A5A3-85A5A568CBAF}.Release|Any CPU.ActiveCfg = Release|Any CPU
		{69A6289E-0D78-4B80-A5A3-85A5A568CBAF}.Release|Any CPU.Build.0 = Release|Any CPU
	EndGlobalSection
	GlobalSection(SolutionProperties) = preSolution
		HideSolutionNode = FALSE
	EndGlobalSection
	GlobalSection(ExtensibilityGlobals) = postSolution
		SolutionGuid = {EF350E99-B600-40A8-BADB-D83D86F5806F}
	EndGlobalSection
EndGlobal
